
Microsoft Visual Studio Solution File, Format Version 12.00
# Visual Studio Version 17
VisualStudioVersion = 17.8.34330.188
MinimumVisualStudioVersion = 10.0.40219.1
Project("{2150E333-8FDC-42A3-9474-1A3956D46DE8}") = "src", "src", "{EDB225A5-423A-41B6-94F7-A9C1BB53D14F}"
EndProject
Project("{2150E333-8FDC-42A3-9474-1A3956D46DE8}") = "External", "External", "{EB7D015A-91BD-49AF-B11E-634B4A7563F9}"
EndProject
Project("{2150E333-8FDC-42A3-9474-1A3956D46DE8}") = "Core", "Core", "{65A03058-4F3D-49CC-91EE-BFF3F87ACBBF}"
EndProject
Project("{9A19103F-16F7-4668-BE54-9A1E7A4F7556}") = "Application", "Application\Application.csproj", "{234DEA5D-59DA-40CD-B49D-94EA1A16929A}"
EndProject
Project("{9A19103F-16F7-4668-BE54-9A1E7A4F7556}") = "Domain", "Domain\Domain.csproj", "{A5F4B90C-96B2-46F1-932D-57FC7E8456D2}"
EndProject
Project("{9A19103F-16F7-4668-BE54-9A1E7A4F7556}") = "Infrastructure", "Infrastructure\Infrastructure.csproj", "{C14E7FED-E5E7-4DBA-A00A-0F9504E32EA0}"
EndProject
Project("{9A19103F-16F7-4668-BE54-9A1E7A4F7556}") = "Localization", "Localization\Localization.csproj", "{A0509E67-9284-4B1C-B3D6-D248A7D69FF0}"
EndProject
Project("{2150E333-8FDC-42A3-9474-1A3956D46DE8}") = "Web", "Web", "{EDCC49AD-F77C-456C-87B4-8B9C72230E02}"
EndProject
Project("{FAE04EC0-301F-11D3-BF4B-00C04F79EFBC}") = "AdminPanelWithApi", "AdminPanelWithApi\AdminPanelWithApi.csproj", "{D8BFBB56-A4E5-48D0-A041-107F4CAF1B2B}"
EndProject
Global
	GlobalSection(SolutionConfigurationPlatforms) = preSolution
		Debug|Any CPU = Debug|Any CPU
		Release|Any CPU = Release|Any CPU
	EndGlobalSection
	GlobalSection(ProjectConfigurationPlatforms) = postSolution
		{234DEA5D-59DA-40CD-B49D-94EA1A16929A}.Debug|Any CPU.ActiveCfg = Debug|Any CPU
		{234DEA5D-59DA-40CD-B49D-94EA1A16929A}.Debug|Any CPU.Build.0 = Debug|Any CPU
		{234DEA5D-59DA-40CD-B49D-94EA1A16929A}.Release|Any CPU.ActiveCfg = Release|Any CPU
		{234DEA5D-59DA-40CD-B49D-94EA1A16929A}.Release|Any CPU.Build.0 = Release|Any CPU
		{A5F4B90C-96B2-46F1-932D-57FC7E8456D2}.Debug|Any CPU.ActiveCfg = Debug|Any CPU
		{A5F4B90C-96B2-46F1-932D-57FC7E8456D2}.Debug|Any CPU.Build.0 = Debug|Any CPU
		{A5F4B90C-96B2-46F1-932D-57FC7E8456D2}.Release|Any CPU.ActiveCfg = Release|Any CPU
		{A5F4B90C-96B2-46F1-932D-57FC7E8456D2}.Release|Any CPU.Build.0 = Release|Any CPU
		{C14E7FED-E5E7-4DBA-A00A-0F9504E32EA0}.Debug|Any CPU.ActiveCfg = Debug|Any CPU
		{C14E7FED-E5E7-4DBA-A00A-0F9504E32EA0}.Debug|Any CPU.Build.0 = Debug|Any CPU
		{C14E7FED-E5E7-4DBA-A00A-0F9504E32EA0}.Release|Any CPU.ActiveCfg = Release|Any CPU
		{C14E7FED-E5E7-4DBA-A00A-0F9504E32EA0}.Release|Any CPU.Build.0 = Release|Any CPU
		{A0509E67-9284-4B1C-B3D6-D248A7D69FF0}.Debug|Any CPU.ActiveCfg = Debug|Any CPU
		{A0509E67-9284-4B1C-B3D6-D248A7D69FF0}.Debug|Any CPU.Build.0 = Debug|Any CPU
		{A0509E67-9284-4B1C-B3D6-D248A7D69FF0}.Release|Any CPU.ActiveCfg = Release|Any CPU
		{A0509E67-9284-4B1C-B3D6-D248A7D69FF0}.Release|Any CPU.Build.0 = Release|Any CPU
		{D8BFBB56-A4E5-48D0-A041-107F4CAF1B2B}.Debug|Any CPU.ActiveCfg = Debug|Any CPU
		{D8BFBB56-A4E5-48D0-A041-107F4CAF1B2B}.Debug|Any CPU.Build.0 = Debug|Any CPU
		{D8BFBB56-A4E5-48D0-A041-107F4CAF1B2B}.Release|Any CPU.ActiveCfg = Release|Any CPU
		{D8BFBB56-A4E5-48D0-A041-107F4CAF1B2B}.Release|Any CPU.Build.0 = Release|Any CPU
	EndGlobalSection
	GlobalSection(SolutionProperties) = preSolution
		HideSolutionNode = FALSE
	EndGlobalSection
	GlobalSection(NestedProjects) = preSolution
		{EB7D015A-91BD-49AF-B11E-634B4A7563F9} = {EDB225A5-423A-41B6-94F7-A9C1BB53D14F}
		{65A03058-4F3D-49CC-91EE-BFF3F87ACBBF} = {EDB225A5-423A-41B6-94F7-A9C1BB53D14F}
		{234DEA5D-59DA-40CD-B49D-94EA1A16929A} = {65A03058-4F3D-49CC-91EE-BFF3F87ACBBF}
		{A5F4B90C-96B2-46F1-932D-57FC7E8456D2} = {65A03058-4F3D-49CC-91EE-BFF3F87ACBBF}
		{C14E7FED-E5E7-4DBA-A00A-0F9504E32EA0} = {EB7D015A-91BD-49AF-B11E-634B4A7563F9}
		{A0509E67-9284-4B1C-B3D6-D248A7D69FF0} = {EB7D015A-91BD-49AF-B11E-634B4A7563F9}
		{EDCC49AD-F77C-456C-87B4-8B9C72230E02} = {EDB225A5-423A-41B6-94F7-A9C1BB53D14F}
		{D8BFBB56-A4E5-48D0-A041-107F4CAF1B2B} = {EDCC49AD-F77C-456C-87B4-8B9C72230E02}
	EndGlobalSection
	GlobalSection(ExtensibilityGlobals) = postSolution
		SolutionGuid = {8317B371-2F35-4132-B223-A5EF8CCDFA34}
	EndGlobalSection
EndGlobal
